
Microsoft Visual Studio Solution File, Format Version 12.00
Project("{FAE04EC0-301F-11D3-BF4B-00C04F79EFBC}") = "YurttaYe.Core", "YurttaYe.Core\YurttaYe.Core.csproj", "{39E534EB-6DE9-4AB8-8EF0-F975579B85C3}"
EndProject
Project("{FAE04EC0-301F-11D3-BF4B-00C04F79EFBC}") = "YurttaYe.Services", "YurttaYe.Services\YurttaYe.Services.csproj", "{EC67F146-575B-433F-A540-19CE50F65006}"
EndProject
Project("{FAE04EC0-301F-11D3-BF4B-00C04F79EFBC}") = "YurttaYe.Data", "YurttaYe.Data\YurttaYe.Data.csproj", "{81E2412C-C8F4-4325-BA74-B0D17B8B1AE6}"
EndProject
Project("{FAE04EC0-301F-11D3-BF4B-00C04F79EFBC}") = "YurttaYe.Web", "YurttaYe.Web\YurttaYe.Web.csproj", "{91D12EA0-78CC-456C-A735-FEE28A1DA9CC}"
EndProject
Project("{FAE04EC0-301F-11D3-BF4B-00C04F79EFBC}") = "YurttaYe.Tests", "YurttaYe.Tests\YurttaYe.Tests.csproj", "{D75D93BA-6AB1-41AF-AA0C-A1183D6439F2}"
EndProject
Global
	GlobalSection(SolutionConfigurationPlatforms) = preSolution
		Debug|Any CPU = Debug|Any CPU
		Release|Any CPU = Release|Any CPU
	EndGlobalSection
	GlobalSection(ProjectConfigurationPlatforms) = postSolution
		{39E534EB-6DE9-4AB8-8EF0-F975579B85C3}.Debug|Any CPU.ActiveCfg = Debug|Any CPU
		{39E534EB-6DE9-4AB8-8EF0-F975579B85C3}.Debug|Any CPU.Build.0 = Debug|Any CPU
		{39E534EB-6DE9-4AB8-8EF0-F975579B85C3}.Release|Any CPU.ActiveCfg = Release|Any CPU
		{39E534EB-6DE9-4AB8-8EF0-F975579B85C3}.Release|Any CPU.Build.0 = Release|Any CPU
		{EC67F146-575B-433F-A540-19CE50F65006}.Debug|Any CPU.ActiveCfg = Debug|Any CPU
		{EC67F146-575B-433F-A540-19CE50F65006}.Debug|Any CPU.Build.0 = Debug|Any CPU
		{EC67F146-575B-433F-A540-19CE50F65006}.Release|Any CPU.ActiveCfg = Release|Any CPU
		{EC67F146-575B-433F-A540-19CE50F65006}.Release|Any CPU.Build.0 = Release|Any CPU
		{81E2412C-C8F4-4325-BA74-B0D17B8B1AE6}.Debug|Any CPU.ActiveCfg = Debug|Any CPU
		{81E2412C-C8F4-4325-BA74-B0D17B8B1AE6}.Debug|Any CPU.Build.0 = Debug|Any CPU
		{81E2412C-C8F4-4325-BA74-B0D17B8B1AE6}.Release|Any CPU.ActiveCfg = Release|Any CPU
		{81E2412C-C8F4-4325-BA74-B0D17B8B1AE6}.Release|Any CPU.Build.0 = Release|Any CPU
		{91D12EA0-78CC-456C-A735-FEE28A1DA9CC}.Debug|Any CPU.ActiveCfg = Debug|Any CPU
		{91D12EA0-78CC-456C-A735-FEE28A1DA9CC}.Debug|Any CPU.Build.0 = Debug|Any CPU
		{91D12EA0-78CC-456C-A735-FEE28A1DA9CC}.Release|Any CPU.ActiveCfg = Release|Any CPU
		{91D12EA0-78CC-456C-A735-FEE28A1DA9CC}.Release|Any CPU.Build.0 = Release|Any CPU
		{D75D93BA-6AB1-41AF-AA0C-A1183D6439F2}.Debug|Any CPU.ActiveCfg = Debug|Any CPU
		{D75D93BA-6AB1-41AF-AA0C-A1183D6439F2}.Debug|Any CPU.Build.0 = Debug|Any CPU
		{D75D93BA-6AB1-41AF-AA0C-A1183D6439F2}.Release|Any CPU.ActiveCfg = Release|Any CPU
		{D75D93BA-6AB1-41AF-AA0C-A1183D6439F2}.Release|Any CPU.Build.0 = Release|Any CPU
	EndGlobalSection
EndGlobal
